{
  "name": "sqlserver",
  "version": "1.0.0",
  "lockfileVersion": 2,
  "requires": true,
  "packages": {
    "": {
      "name": "sqlserver",
      "version": "1.0.0",
      "dependencies": {
        "sql-formatter": "^2.3.3"
      }
    },
    "node_modules/lodash": {
      "version": "4.17.21",
      "resolved": "https://registry.npmjs.org/lodash/-/lodash-4.17.21.tgz",
      "integrity": "sha512-v2kDEe57lecTulaDIuNTPy3Ry4gLGJ6Z1O3vE1krgXZNrsQ+LFTGHVxVjcXPs17LhbZVGedAJv8XZ1tvj5FvSg=="
    },
    "node_modules/sql-formatter": {
      "version": "2.3.3",
      "resolved": "https://registry.npmjs.org/sql-formatter/-/sql-formatter-2.3.3.tgz",
      "integrity": "sha512-m6pqVXwsm9GkCHC/+gdPvNowI7PNoVTT6OZMWKwXJoP2MvfntfhcfyliIf4/QX6t+DirSJ6XDSiSS70YvZ87Lw==",
      "dependencies": {
        "lodash": "^4.16.0"
      }
    }
  },
  "dependencies": {
    "lodash": {
      "version": "4.17.21",
      "resolved": "https://registry.npmjs.org/lodash/-/lodash-4.17.21.tgz",
      "integrity": "sha512-v2kDEe57lecTulaDIuNTPy3Ry4gLGJ6Z1O3vE1krgXZNrsQ+LFTGHVxVjcXPs17LhbZVGedAJv8XZ1tvj5FvSg=="
    },
    "sql-formatter": {
      "version": "2.3.3",
      "resolved": "https://registry.npmjs.org/sql-formatter/-/sql-formatter-2.3.3.tgz",
      "integrity": "sha512-m6pqVXwsm9GkCHC/+gdPvNowI7PNoVTT6OZMWKwXJoP2MvfntfhcfyliIf4/QX6t+DirSJ6XDSiSS70YvZ87Lw==",
      "requires": {
        "lodash": "^4.16.0"
      }
    }
  }
}
